// !$*UTF8*$!
{
	archiveVersion = 1;
	classes = {
	};
	objectVersion = 77;
	objects = {

/* Begin PBXContainerItemProxy section */
		1734EA762DEEE55C00800913 /* PBXContainerItemProxy */ = {
			isa = PBXContainerItemProxy;
			containerPortal = 1734EA572DEEE55700800913 /* Project object */;
			proxyType = 1;
			remoteGlobalIDString = 1734EA5E2DEEE55700800913;
			remoteInfo = "Learning-swift";
		};
		1734EA802DEEE55C00800913 /* PBXContainerItemProxy */ = {
			isa = PBXContainerItemProxy;
			containerPortal = 1734EA572DEEE55700800913 /* Project object */;
			proxyType = 1;
			remoteGlobalIDString = 1734EA5E2DEEE55700800913;
			remoteInfo = "Learning-swift";
		};
/* End PBXContainerItemProxy section */

/* Begin PBXFileReference section */
		1734EA5F2DEEE55700800913 /* Learning-swift.app */ = {isa = PBXFileReference; explicitFileType = wrapper.application; includeInIndex = 0; path = "Learning-swift.app"; sourceTree = BUILT_PRODUCTS_DIR; };
		1734EA752DEEE55C00800913 /* Learning-swiftTests.xctest */ = {isa = PBXFileReference; explicitFileType = wrapper.cfbundle; includeInIndex = 0; path = "Learning-swiftTests.xctest"; sourceTree = BUILT_PRODUCTS_DIR; };
		1734EA7F2DEEE55C00800913 /* Learning-swiftUITests.xctest */ = {isa = PBXFileReference; explicitFileType = wrapper.cfbundle; includeInIndex = 0; path = "Learning-swiftUITests.xctest"; sourceTree = BUILT_PRODUCTS_DIR; };
/* End PBXFileReference section */

/* Begin PBXFileSystemSynchronizedBuildFileExceptionSet section */
		1734EA872DEEE55C00800913 /* Exceptions for "Learning-swift" folder in "Learning-swift" target */ = {
			isa = PBXFileSystemSynchronizedBuildFileExceptionSet;
			membershipExceptions = (
				Info.plist,
			);
			target = 1734EA5E2DEEE55700800913 /* Learning-swift */;
		};
/* End PBXFileSystemSynchronizedBuildFileExceptionSet section */

/* Begin PBXFileSystemSynchronizedRootGroup section */
		1734EA612DEEE55700800913 /* Learning-swift */ = {
			isa = PBXFileSystemSynchronizedRootGroup;
			exceptions = (
				1734EA872DEEE55C00800913 /* Exceptions for "Learning-swift" folder in "Learning-swift" target */,
			);
			path = "Learning-swift";
			sourceTree = "<group>";
		};
		1734EA782DEEE55C00800913 /* Learning-swiftTests */ = {
			isa = PBXFileSystemSynchronizedRootGroup;
			path = "Learning-swiftTests";
			sourceTree = "<group>";
		};
		1734EA822DEEE55C00800913 /* Learning-swiftUITests */ = {
			isa = PBXFileSystemSynchronizedRootGroup;
			path = "Learning-swiftUITests";
			sourceTree = "<group>";
		};
/* End PBXFileSystemSynchronizedRootGroup section */

/* Begin PBXFrameworksBuildPhase section */
		1734EA5C2DEEE55700800913 /* Frameworks */ = {
			isa = PBXFrameworksBuildPhase;
			buildActionMask = 2147483647;
			files = (
			);
			runOnlyForDeploymentPostprocessing = 0;
		};
		1734EA722DEEE55C00800913 /* Frameworks */ = {
			isa = PBXFrameworksBuildPhase;
			buildActionMask = 2147483647;
			files = (
			);
			runOnlyForDeploymentPostprocessing = 0;
		};
		1734EA7C2DEEE55C00800913 /* Frameworks */ = {
			isa = PBXFrameworksBuildPhase;
			buildActionMask = 2147483647;
			files = (
			);
			runOnlyForDeploymentPostprocessing = 0;
		};
/* End PBXFrameworksBuildPhase section */

/* Begin PBXGroup section */
		1734EA562DEEE55700800913 = {
			isa = PBXGroup;
			children = (
				1734EA612DEEE55700800913 /* Learning-swift */,
				1734EA782DEEE55C00800913 /* Learning-swiftTests */,
				1734EA822DEEE55C00800913 /* Learning-swiftUITests */,
				1734EA602DEEE55700800913 /* Products */,
			);
			sourceTree = "<group>";
		};
		1734EA602DEEE55700800913 /* Products */ = {
			isa = PBXGroup;
			children = (
				1734EA5F2DEEE55700800913 /* Learning-swift.app */,
				1734EA752DEEE55C00800913 /* Learning-swiftTests.xctest */,
				1734EA7F2DEEE55C00800913 /* Learning-swiftUITests.xctest */,
			);
			name = Products;
			sourceTree = "<group>";
		};
/* End PBXGroup section */

/* Begin PBXNativeTarget section */
		1734EA5E2DEEE55700800913 /* Learning-swift */ = {
			isa = PBXNativeTarget;
			buildConfigurationList = 1734EA882DEEE55C00800913 /* Build configuration list for PBXNativeTarget "Learning-swift" */;
			buildPhases = (
				1734EA5B2DEEE55700800913 /* Sources */,
				1734EA5C2DEEE55700800913 /* Frameworks */,
				1734EA5D2DEEE55700800913 /* Resources */,
			);
			buildRules = (
			);
			dependencies = (
			);
			fileSystemSynchronizedGroups = (
				1734EA612DEEE55700800913 /* Learning-swift */,
			);
			name = "Learning-swift";
			packageProductDependencies = (
			);
			productName = "Learning-swift";
			productReference = 1734EA5F2DEEE55700800913 /* Learning-swift.app */;
			productType = "com.apple.product-type.application";
		};
		1734EA742DEEE55C00800913 /* Learning-swiftTests */ = {
			isa = PBXNativeTarget;
			buildConfigurationList = 1734EA8D2DEEE55C00800913 /* Build configuration list for PBXNativeTarget "Learning-swiftTests" */;
			buildPhases = (
				1734EA712DEEE55C00800913 /* Sources */,
				1734EA722DEEE55C00800913 /* Frameworks */,
				1734EA732DEEE55C00800913 /* Resources */,
			);
			buildRules = (
			);
			dependencies = (
				1734EA772DEEE55C00800913 /* PBXTargetDependency */,
			);
			fileSystemSynchronizedGroups = (
				1734EA782DEEE55C00800913 /* Learning-swiftTests */,
			);
			name = "Learning-swiftTests";
			packageProductDependencies = (
			);
			productName = "Learning-swiftTests";
			productReference = 1734EA752DEEE55C00800913 /* Learning-swiftTests.xctest */;
			productType = "com.apple.product-type.bundle.unit-test";
		};
		1734EA7E2DEEE55C00800913 /* Learning-swiftUITests */ = {
			isa = PBXNativeTarget;
			buildConfigurationList = 1734EA902DEEE55C00800913 /* Build configuration list for PBXNativeTarget "Learning-swiftUITests" */;
			buildPhases = (
				1734EA7B2DEEE55C00800913 /* Sources */,
				1734EA7C2DEEE55C00800913 /* Frameworks */,
				1734EA7D2DEEE55C00800913 /* Resources */,
			);
			buildRules = (
			);
			dependencies = (
				1734EA812DEEE55C00800913 /* PBXTargetDependency */,
			);
			fileSystemSynchronizedGroups = (
				1734EA822DEEE55C00800913 /* Learning-swiftUITests */,
			);
			name = "Learning-swiftUITests";
			packageProductDependencies = (
			);
			productName = "Learning-swiftUITests";
			productReference = 1734EA7F2DEEE55C00800913 /* Learning-swiftUITests.xctest */;
			productType = "com.apple.product-type.bundle.ui-testing";
		};
/* End PBXNativeTarget section */

/* Begin PBXProject section */
		1734EA572DEEE55700800913 /* Project object */ = {
			isa = PBXProject;
			attributes = {
				BuildIndependentTargetsInParallel = 1;
				LastSwiftUpdateCheck = 1620;
				LastUpgradeCheck = 1620;
				TargetAttributes = {
					1734EA5E2DEEE55700800913 = {
						CreatedOnToolsVersion = 16.2;
					};
					1734EA742DEEE55C00800913 = {
						CreatedOnToolsVersion = 16.2;
						TestTargetID = 1734EA5E2DEEE55700800913;
					};
					1734EA7E2DEEE55C00800913 = {
						CreatedOnToolsVersion = 16.2;
						TestTargetID = 1734EA5E2DEEE55700800913;
					};
				};
			};
			buildConfigurationList = 1734EA5A2DEEE55700800913 /* Build configuration list for PBXProject "Learning-swift" */;
			developmentRegion = en;
			hasScannedForEncodings = 0;
			knownRegions = (
				en,
				Base,
			);
			mainGroup = 1734EA562DEEE55700800913;
			minimizedProjectReferenceProxies = 1;
			preferredProjectObjectVersion = 77;
			productRefGroup = 1734EA602DEEE55700800913 /* Products */;
			projectDirPath = "";
			projectRoot = "";
			targets = (
				1734EA5E2DEEE55700800913 /* Learning-swift */,
				1734EA742DEEE55C00800913 /* Learning-swiftTests */,
				1734EA7E2DEEE55C00800913 /* Learning-swiftUITests */,
			);
		};
/* End PBXProject section */

/* Begin PBXResourcesBuildPhase section */
		1734EA5D2DEEE55700800913 /* Resources */ = {
			isa = PBXResourcesBuildPhase;
			buildActionMask = 2147483647;
			files = (
			);
			runOnlyForDeploymentPostprocessing = 0;
		};
		1734EA732DEEE55C00800913 /* Resources */ = {
			isa = PBXResourcesBuildPhase;
			buildActionMask = 2147483647;
			files = (
			);
			runOnlyForDeploymentPostprocessing = 0;
		};
		1734EA7D2DEEE55C00800913 /* Resources */ = {
			isa = PBXResourcesBuildPhase;
			buildActionMask = 2147483647;
			files = (
			);
			runOnlyForDeploymentPostprocessing = 0;
		};
/* End PBXResourcesBuildPhase section */

/* Begin PBXSourcesBuildPhase section */
		1734EA5B2DEEE55700800913 /* Sources */ = {
			isa = PBXSourcesBuildPhase;
			buildActionMask = 2147483647;
			files = (
			);
			runOnlyForDeploymentPostprocessing = 0;
		};
		1734EA712DEEE55C00800913 /* Sources */ = {
			isa = PBXSourcesBuildPhase;
			buildActionMask = 2147483647;
			files = (
			);
			runOnlyForDeploymentPostprocessing = 0;
		};
		1734EA7B2DEEE55C00800913 /* Sources */ = {
			isa = PBXSourcesBuildPhase;
			buildActionMask = 2147483647;
			files = (
			);
			runOnlyForDeploymentPostprocessing = 0;
		};
/* End PBXSourcesBuildPhase section */

/* Begin PBXTargetDependency section */
		1734EA772DEEE55C00800913 /* PBXTargetDependency */ = {
			isa = PBXTargetDependency;
			target = 1734EA5E2DEEE55700800913 /* Learning-swift */;
			targetProxy = 1734EA762DEEE55C00800913 /* PBXContainerItemProxy */;
		};
		1734EA812DEEE55C00800913 /* PBXTargetDependency */ = {
			isa = PBXTargetDependency;
			target = 1734EA5E2DEEE55700800913 /* Learning-swift */;
			targetProxy = 1734EA802DEEE55C00800913 /* PBXContainerItemProxy */;
		};
/* End PBXTargetDependency section */

/* Begin XCBuildConfiguration section */
		1734EA892DEEE55C00800913 /* Debug */ = {
			isa = XCBuildConfiguration;
			buildSettings = {
				ASSETCATALOG_COMPILER_APPICON_NAME = AppIcon;
				ASSETCATALOG_COMPILER_GLOBAL_ACCENT_COLOR_NAME = AccentColor;
				CODE_SIGN_STYLE = Automatic;
				CURRENT_PROJECT_VERSION = 1;
				GENERATE_INFOPLIST_FILE = YES;
				INFOPLIST_FILE = "Learning-swift/Info.plist";
				INFOPLIST_KEY_UIApplicationSupportsIndirectInputEvents = YES;
				INFOPLIST_KEY_UILaunchStoryboardName = LaunchScreen;
				INFOPLIST_KEY_UIMainStoryboardFile = Main;
				INFOPLIST_KEY_UISupportedInterfaceOrientations_iPad = "UIInterfaceOrientationPortrait UIInterfaceOrientationPortraitUpsideDown UIInterfaceOrientationLandscapeLeft UIInterfaceOrientationLandscapeRight";
				INFOPLIST_KEY_UISupportedInterfaceOrientations_iPhone = "UIInterfaceOrientationPortrait UIInterfaceOrientationLandscapeLeft UIInterfaceOrientationLandscapeRight";
				LD_RUNPATH_SEARCH_PATHS = (
					"$(inherited)",
					"@executable_path/Frameworks",
				);
				MARKETING_VERSION = 1.0;
				PRODUCT_BUNDLE_IDENTIFIER = "gh.Learning-swift";
				PRODUCT_NAME = "$(TARGET_NAME)";
				SWIFT_EMIT_LOC_STRINGS = YES;
				SWIFT_VERSION = 5.0;
				TARGETED_DEVICE_FAMILY = "1,2";
			};
			name = Debug;
		};
		1734EA8A2DEEE55C00800913 /* Release */ = {
			isa = XCBuildConfiguration;
			buildSettings = {
				ASSETCATALOG_COMPILER_APPICON_NAME = AppIcon;
				ASSETCATALOG_COMPILER_GLOBAL_ACCENT_COLOR_NAME = AccentColor;
				CODE_SIGN_STYLE = Automatic;
				CURRENT_PROJECT_VERSION = 1;
				GENERATE_INFOPLIST_FILE = YES;
				INFOPLIST_FILE = "Learning-swift/Info.plist";
				INFOPLIST_KEY_UIApplicationSupportsIndirectInputEvents = YES;
				INFOPLIST_KEY_UILaunchStoryboardName = LaunchScreen;
				INFOPLIST_KEY_UIMainStoryboardFile = Main;
				INFOPLIST_KEY_UISupportedInterfaceOrientations_iPad = "UIInterfaceOrientationPortrait UIInterfaceOrientationPortraitUpsideDown UIInterfaceOrientationLandscapeLeft UIInterfaceOrientationLandscapeRight";
				INFOPLIST_KEY_UISupportedInterfaceOrientations_iPhone = "UIInterfaceOrientationPortrait UIInterfaceOrientationLandscapeLeft UIInterfaceOrientationLandscapeRight";
				LD_RUNPATH_SEARCH_PATHS = (
					"$(inherited)",
					"@executable_path/Frameworks",
				);
				MARKETING_VERSION = 1.0;
				PRODUCT_BUNDLE_IDENTIFIER = "gh.Learning-swift";
				PRODUCT_NAME = "$(TARGET_NAME)";
				SWIFT_EMIT_LOC_STRINGS = YES;
				SWIFT_VERSION = 5.0;
				TARGETED_DEVICE_FAMILY = "1,2";
			};
			name = Release;
		};
		1734EA8B2DEEE55C00800913 /* Debug */ = {
			isa = XCBuildConfiguration;
			buildSettings = {
				ALWAYS_SEARCH_USER_PATHS = NO;
				ASSETCATALOG_COMPILER_GENERATE_SWIFT_ASSET_SYMBOL_EXTENSIONS = YES;
				CLANG_ANALYZER_NONNULL = YES;
				CLANG_ANALYZER_NUMBER_OBJECT_CONVERSION = YES_AGGRESSIVE;
				CLANG_CXX_LANGUAGE_STANDARD = "gnu++20";
				CLANG_ENABLE_MODULES = YES;
				CLANG_ENABLE_OBJC_ARC = YES;
				CLANG_ENABLE_OBJC_WEAK = YES;
				CLANG_WARN_BLOCK_CAPTURE_AUTORELEASING = YES;
				CLANG_WARN_BOOL_CONVERSION = YES;
				CLANG_WARN_COMMA = YES;
				CLANG_WARN_CONSTANT_CONVERSION = YES;
				CLANG_WARN_DEPRECATED_OBJC_IMPLEMENTATIONS = YES;
				CLANG_WARN_DIRECT_OBJC_ISA_USAGE = YES_ERROR;
				CLANG_WARN_DOCUMENTATION_COMMENTS = YES;
				CLANG_WARN_EMPTY_BODY = YES;
				CLANG_WARN_ENUM_CONVERSION = YES;
				CLANG_WARN_INFINITE_RECURSION = YES;
				CLANG_WARN_INT_CONVERSION = YES;
				CLANG_WARN_NON_LITERAL_NULL_CONVERSION = YES;
				CLANG_WARN_OBJC_IMPLICIT_RETAIN_SELF = YES;
				CLANG_WARN_OBJC_LITERAL_CONVERSION = YES;
				CLANG_WARN_OBJC_ROOT_CLASS = YES_ERROR;
				CLANG_WARN_QUOTED_INCLUDE_IN_FRAMEWORK_HEADER = YES;
				CLANG_WARN_RANGE_LOOP_ANALYSIS = YES;
				CLANG_WARN_STRICT_PROTOTYPES = YES;
				CLANG_WARN_SUSPICIOUS_MOVE = YES;
				CLANG_WARN_UNGUARDED_AVAILABILITY = YES_AGGRESSIVE;
				CLANG_WARN_UNREACHABLE_CODE = YES;
				CLANG_WARN__DUPLICATE_METHOD_MATCH = YES;
				COPY_PHASE_STRIP = NO;
				DEBUG_INFORMATION_FORMAT = dwarf;
				ENABLE_STRICT_OBJC_MSGSEND = YES;
				ENABLE_TESTABILITY = YES;
				ENABLE_USER_SCRIPT_SANDBOXING = YES;
				GCC_C_LANGUAGE_STANDARD = gnu17;
				GCC_DYNAMIC_NO_PIC = NO;
				GCC_NO_COMMON_BLOCKS = YES;
				GCC_OPTIMIZATION_LEVEL = 0;
				GCC_PREPROCESSOR_DEFINITIONS = (
					"DEBUG=1",
					"$(inherited)",
				);
				GCC_WARN_64_TO_32_BIT_CONVERSION = YES;
				GCC_WARN_ABOUT_RETURN_TYPE = YES_ERROR;
				GCC_WARN_UNDECLARED_SELECTOR = YES;
				GCC_WARN_UNINITIALIZED_AUTOS = YES_AGGRESSIVE;
				GCC_WARN_UNUSED_FUNCTION = YES;
				GCC_WARN_UNUSED_VARIABLE = YES;
				IPHONEOS_DEPLOYMENT_TARGET = 18.2;
				LOCALIZATION_PREFERS_STRING_CATALOGS = YES;
				MTL_ENABLE_DEBUG_INFO = INCLUDE_SOURCE;
				MTL_FAST_MATH = YES;
				ONLY_ACTIVE_ARCH = YES;
				SDKROOT = iphoneos;
				SWIFT_ACTIVE_COMPILATION_CONDITIONS = "DEBUG $(inherited)";
				SWIFT_OPTIMIZATION_LEVEL = "-Onone";
			};
			name = Debug;
		};
		1734EA8C2DEEE55C00800913 /* Release */ = {
			isa = XCBuildConfiguration;
			buildSettings = {
				ALWAYS_SEARCH_USER_PATHS = NO;
				ASSETCATALOG_COMPILER_GENERATE_SWIFT_ASSET_SYMBOL_EXTENSIONS = YES;
				CLANG_ANALYZER_NONNULL = YES;
				CLANG_ANALYZER_NUMBER_OBJECT_CONVERSION = YES_AGGRESSIVE;
				CLANG_CXX_LANGUAGE_STANDARD = "gnu++20";
				CLANG_ENABLE_MODULES = YES;
				CLANG_ENABLE_OBJC_ARC = YES;
				CLANG_ENABLE_OBJC_WEAK = YES;
				CLANG_WARN_BLOCK_CAPTURE_AUTORELEASING = YES;
				CLANG_WARN_BOOL_CONVERSION = YES;
				CLANG_WARN_COMMA = YES;
				CLANG_WARN_CONSTANT_CONVERSION = YES;
				CLANG_WARN_DEPRECATED_OBJC_IMPLEMENTATIONS = YES;
				CLANG_WARN_DIRECT_OBJC_ISA_USAGE = YES_ERROR;
				CLANG_WARN_DOCUMENTATION_COMMENTS = YES;
				CLANG_WARN_EMPTY_BODY = YES;
				CLANG_WARN_ENUM_CONVERSION = YES;
				CLANG_WARN_INFINITE_RECURSION = YES;
				CLANG_WARN_INT_CONVERSION = YES;
				CLANG_WARN_NON_LITERAL_NULL_CONVERSION = YES;
				CLANG_WARN_OBJC_IMPLICIT_RETAIN_SELF = YES;
				CLANG_WARN_OBJC_LITERAL_CONVERSION = YES;
				CLANG_WARN_OBJC_ROOT_CLASS = YES_ERROR;
				CLANG_WARN_QUOTED_INCLUDE_IN_FRAMEWORK_HEADER = YES;
				CLANG_WARN_RANGE_LOOP_ANALYSIS = YES;
				CLANG_WARN_STRICT_PROTOTYPES = YES;
				CLANG_WARN_SUSPICIOUS_MOVE = YES;
				CLANG_WARN_UNGUARDED_AVAILABILITY = YES_AGGRESSIVE;
				CLANG_WARN_UNREACHABLE_CODE = YES;
				CLANG_WARN__DUPLICATE_METHOD_MATCH = YES;
				COPY_PHASE_STRIP = NO;
				DEBUG_INFORMATION_FORMAT = "dwarf-with-dsym";
				ENABLE_NS_ASSERTIONS = NO;
				ENABLE_STRICT_OBJC_MSGSEND = YES;
				ENABLE_USER_SCRIPT_SANDBOXING = YES;
				GCC_C_LANGUAGE_STANDARD = gnu17;
				GCC_NO_COMMON_BLOCKS = YES;
				GCC_WARN_64_TO_32_BIT_CONVERSION = YES;
				GCC_WARN_ABOUT_RETURN_TYPE = YES_ERROR;
				GCC_WARN_UNDECLARED_SELECTOR = YES;
				GCC_WARN_UNINITIALIZED_AUTOS = YES_AGGRESSIVE;
				GCC_WARN_UNUSED_FUNCTION = YES;
				GCC_WARN_UNUSED_VARIABLE = YES;
				IPHONEOS_DEPLOYMENT_TARGET = 18.2;
				LOCALIZATION_PREFERS_STRING_CATALOGS = YES;
				MTL_ENABLE_DEBUG_INFO = NO;
				MTL_FAST_MATH = YES;
				SDKROOT = iphoneos;
				SWIFT_COMPILATION_MODE = wholemodule;
				VALIDATE_PRODUCT = YES;
			};
			name = Release;
		};
		1734EA8E2DEEE55C00800913 /* Debug */ = {
			isa = XCBuildConfiguration;
			buildSettings = {
				BUNDLE_LOADER = "$(TEST_HOST)";
				CODE_SIGN_STYLE = Automatic;
				CURRENT_PROJECT_VERSION = 1;
				GENERATE_INFOPLIST_FILE = YES;
				IPHONEOS_DEPLOYMENT_TARGET = 18.2;
				MARKETING_VERSION = 1.0;
				PRODUCT_BUNDLE_IDENTIFIER = "gh.Learning-swiftTests";
				PRODUCT_NAME = "$(TARGET_NAME)";
				SWIFT_EMIT_LOC_STRINGS = NO;
				SWIFT_VERSION = 5.0;
				TARGETED_DEVICE_FAMILY = "1,2";
				TEST_HOST = "$(BUILT_PRODUCTS_DIR)/Learning-swift.app/$(BUNDLE_EXECUTABLE_FOLDER_PATH)/Learning-swift";
			};
			name = Debug;
		};
		1734EA8F2DEEE55C00800913 /* Release */ = {
			isa = XCBuildConfiguration;
			buildSettings = {
				BUNDLE_LOADER = "$(TEST_HOST)";
				CODE_SIGN_STYLE = Automatic;
				CURRENT_PROJECT_VERSION = 1;
				GENERATE_INFOPLIST_FILE = YES;
				IPHONEOS_DEPLOYMENT_TARGET = 18.2;
				MARKETING_VERSION = 1.0;
				PRODUCT_BUNDLE_IDENTIFIER = "gh.Learning-swiftTests";
				PRODUCT_NAME = "$(TARGET_NAME)";
				SWIFT_EMIT_LOC_STRINGS = NO;
				SWIFT_VERSION = 5.0;
				TARGETED_DEVICE_FAMILY = "1,2";
				TEST_HOST = "$(BUILT_PRODUCTS_DIR)/Learning-swift.app/$(BUNDLE_EXECUTABLE_FOLDER_PATH)/Learning-swift";
			};
			name = Release;
		};
		1734EA912DEEE55C00800913 /* Debug */ = {
			isa = XCBuildConfiguration;
			buildSettings = {
				CODE_SIGN_STYLE = Automatic;
				CURRENT_PROJECT_VERSION = 1;
				GENERATE_INFOPLIST_FILE = YES;
				MARKETING_VERSION = 1.0;
				PRODUCT_BUNDLE_IDENTIFIER = "gh.Learning-swiftUITests";
				PRODUCT_NAME = "$(TARGET_NAME)";
				SWIFT_EMIT_LOC_STRINGS = NO;
				SWIFT_VERSION = 5.0;
				TARGETED_DEVICE_FAMILY = "1,2";
				TEST_TARGET_NAME = "Learning-swift";
			};
			name = Debug;
		};
		1734EA922DEEE55C00800913 /* Release */ = {
			isa = XCBuildConfiguration;
			buildSettings = {
				CODE_SIGN_STYLE = Automatic;
				CURRENT_PROJECT_VERSION = 1;
				GENERATE_INFOPLIST_FILE = YES;
				MARKETING_VERSION = 1.0;
				PRODUCT_BUNDLE_IDENTIFIER = "gh.Learning-swiftUITests";
				PRODUCT_NAME = "$(TARGET_NAME)";
				SWIFT_EMIT_LOC_STRINGS = NO;
				SWIFT_VERSION = 5.0;
				TARGETED_DEVICE_FAMILY = "1,2";
				TEST_TARGET_NAME = "Learning-swift";
			};
			name = Release;
		};
/* End XCBuildConfiguration section */

/* Begin XCConfigurationList section */
		1734EA5A2DEEE55700800913 /* Build configuration list for PBXProject "Learning-swift" */ = {
			isa = XCConfigurationList;
			buildConfigurations = (
				1734EA8B2DEEE55C00800913 /* Debug */,
				1734EA8C2DEEE55C00800913 /* Release */,
			);
			defaultConfigurationIsVisible = 0;
			defaultConfigurationName = Release;
		};
		1734EA882DEEE55C00800913 /* Build configuration list for PBXNativeTarget "Learning-swift" */ = {
			isa = XCConfigurationList;
			buildConfigurations = (
				1734EA892DEEE55C00800913 /* Debug */,
				1734EA8A2DEEE55C00800913 /* Release */,
			);
			defaultConfigurationIsVisible = 0;
			defaultConfigurationName = Release;
		};
		1734EA8D2DEEE55C00800913 /* Build configuration list for PBXNativeTarget "Learning-swiftTests" */ = {
			isa = XCConfigurationList;
			buildConfigurations = (
				1734EA8E2DEEE55C00800913 /* Debug */,
				1734EA8F2DEEE55C00800913 /* Release */,
			);
			defaultConfigurationIsVisible = 0;
			defaultConfigurationName = Release;
		};
		1734EA902DEEE55C00800913 /* Build configuration list for PBXNativeTarget "Learning-swiftUITests" */ = {
			isa = XCConfigurationList;
			buildConfigurations = (
				1734EA912DEEE55C00800913 /* Debug */,
				1734EA922DEEE55C00800913 /* Release */,
			);
			defaultConfigurationIsVisible = 0;
			defaultConfigurationName = Release;
		};
/* End XCConfigurationList section */
	};
	rootObject = 1734EA572DEEE55700800913 /* Project object */;
}
